// !$*UTF8*$!
{
	archiveVersion = 1;
	classes = {
	};
	objectVersion = 56;
	objects = {

/* Begin PBXBuildFile section */
		7317CDAD2B7304E200974859 /* semester_project_group9App.swift in Sources */ = {isa = PBXBuildFile; fileRef = 7317CDAC2B7304E200974859 /* semester_project_group9App.swift */; };
		7317CDAF2B7304E200974859 /* ContentView.swift in Sources */ = {isa = PBXBuildFile; fileRef = 7317CDAE2B7304E200974859 /* ContentView.swift */; };
		7317CDB12B7304E500974859 /* Assets.xcassets in Resources */ = {isa = PBXBuildFile; fileRef = 7317CDB02B7304E500974859 /* Assets.xcassets */; };
		7317CDB52B7304E500974859 /* Preview Assets.xcassets in Resources */ = {isa = PBXBuildFile; fileRef = 7317CDB42B7304E500974859 /* Preview Assets.xcassets */; };
		7317CDBC2B7305BC00974859 /* GoogleService-Info.plist in Resources */ = {isa = PBXBuildFile; fileRef = 7317CDBB2B7305BC00974859 /* GoogleService-Info.plist */; };
		734AE7962BB29B5300DC9ADA /* Message.swift in Sources */ = {isa = PBXBuildFile; fileRef = 734AE7952BB29B5300DC9ADA /* Message.swift */; };
		734AE7992BB29BB600DC9ADA /* MessageView.swift in Sources */ = {isa = PBXBuildFile; fileRef = 734AE7982BB29BB600DC9ADA /* MessageView.swift */; };
		734AE79B2BB29C8E00DC9ADA /* ChatView.swift in Sources */ = {isa = PBXBuildFile; fileRef = 734AE79A2BB29C8E00DC9ADA /* ChatView.swift */; };
		734AE79D2BB2A38B00DC9ADA /* ChatChannel.swift in Sources */ = {isa = PBXBuildFile; fileRef = 734AE79C2BB2A38B00DC9ADA /* ChatChannel.swift */; };
		734AE79F2BB2A51500DC9ADA /* ChannelListView.swift in Sources */ = {isa = PBXBuildFile; fileRef = 734AE79E2BB2A51500DC9ADA /* ChannelListView.swift */; };
		734AE7A12BB2B36B00DC9ADA /* MainView.swift in Sources */ = {isa = PBXBuildFile; fileRef = 734AE7A02BB2B36B00DC9ADA /* MainView.swift */; };
		734AE7A82BB3754700DC9ADA /* PageView.swift in Sources */ = {isa = PBXBuildFile; fileRef = 734AE7A72BB3754700DC9ADA /* PageView.swift */; };
		734AE7AB2BB375ED00DC9ADA /* ConcentricOnboarding in Frameworks */ = {isa = PBXBuildFile; productRef = 734AE7AA2BB375ED00DC9ADA /* ConcentricOnboarding */; };
		734AE7AD2BB376B800DC9ADA /* WebView.swift in Sources */ = {isa = PBXBuildFile; fileRef = 734AE7AC2BB376B800DC9ADA /* WebView.swift */; };
		737507B02B8BF20200E27BA2 /* TutorialView.swift in Sources */ = {isa = PBXBuildFile; fileRef = 737507AF2B8BF20200E27BA2 /* TutorialView.swift */; };
		73772BE82BBCB85200762603 /* ConfirmClassesView.swift in Sources */ = {isa = PBXBuildFile; fileRef = 73772BE72BBCB85200762603 /* ConfirmClassesView.swift */; };
		7390CB1B2B8C344F008C969E /* RegistrationView.swift in Sources */ = {isa = PBXBuildFile; fileRef = 7390CB1A2B8C344F008C969E /* RegistrationView.swift */; };
		7390CB1D2B8C4973008C969E /* ImportClassesView.swift in Sources */ = {isa = PBXBuildFile; fileRef = 7390CB1C2B8C4973008C969E /* ImportClassesView.swift */; };
		7390CB212B8C55E3008C969E /* LoggedInView.swift in Sources */ = {isa = PBXBuildFile; fileRef = 7390CB202B8C55E3008C969E /* LoggedInView.swift */; };
		7390CB232B8C57E2008C969E /* ImportViewModel.swift in Sources */ = {isa = PBXBuildFile; fileRef = 7390CB222B8C57E2008C969E /* ImportViewModel.swift */; };
		7390CB282B8C6C5F008C969E /* LoggedInHomeViewModel.swift in Sources */ = {isa = PBXBuildFile; fileRef = 7390CB272B8C6C5F008C969E /* LoggedInHomeViewModel.swift */; };
		7390CB2A2B8C6C8F008C969E /* Class.swift in Sources */ = {isa = PBXBuildFile; fileRef = 7390CB292B8C6C8F008C969E /* Class.swift */; };
		7390CB2C2B8C6CC1008C969E /* User.swift in Sources */ = {isa = PBXBuildFile; fileRef = 7390CB2B2B8C6CC1008C969E /* User.swift */; };
		7390CB312B8C9373008C969E /* ClassView.swift in Sources */ = {isa = PBXBuildFile; fileRef = 7390CB302B8C9373008C969E /* ClassView.swift */; };
		7390CB332B8C938C008C969E /* ClassViewModel.swift in Sources */ = {isa = PBXBuildFile; fileRef = 7390CB322B8C938C008C969E /* ClassViewModel.swift */; };
		7390CB362B8CA0A0008C969E /* ProfileViewModel.swift in Sources */ = {isa = PBXBuildFile; fileRef = 7390CB352B8CA0A0008C969E /* ProfileViewModel.swift */; };
		7390CB3A2B8CA5C6008C969E /* ProfileView.swift in Sources */ = {isa = PBXBuildFile; fileRef = 7390CB392B8CA5C6008C969E /* ProfileView.swift */; };
		73BEF6FD2BD6DB6B0046711F /* ClassCard.swift in Sources */ = {isa = PBXBuildFile; fileRef = 73BEF6FC2BD6DB6B0046711F /* ClassCard.swift */; };
		73BEF7002BD6E4470046711F /* ActivityIndicatorView in Frameworks */ = {isa = PBXBuildFile; productRef = 73BEF6FF2BD6E4470046711F /* ActivityIndicatorView */; };
		73BEF7022BD6F7890046711F /* ChannelCard.swift in Sources */ = {isa = PBXBuildFile; fileRef = 73BEF7012BD6F7890046711F /* ChannelCard.swift */; };
		73BEF7042BD864CA0046711F /* StudentCard.swift in Sources */ = {isa = PBXBuildFile; fileRef = 73BEF7032BD864CA0046711F /* StudentCard.swift */; };
		A80A06692B8E34E90041D48C /* FirebaseAnalytics in Frameworks */ = {isa = PBXBuildFile; productRef = A80A06682B8E34E90041D48C /* FirebaseAnalytics */; };
		A80A066B2B8E34E90041D48C /* FirebaseAnalyticsOnDeviceConversion in Frameworks */ = {isa = PBXBuildFile; productRef = A80A066A2B8E34E90041D48C /* FirebaseAnalyticsOnDeviceConversion */; };
		A80A066D2B8E34E90041D48C /* FirebaseAnalyticsSwift in Frameworks */ = {isa = PBXBuildFile; productRef = A80A066C2B8E34E90041D48C /* FirebaseAnalyticsSwift */; };
		A80A066F2B8E34E90041D48C /* FirebaseAnalyticsWithoutAdIdSupport in Frameworks */ = {isa = PBXBuildFile; productRef = A80A066E2B8E34E90041D48C /* FirebaseAnalyticsWithoutAdIdSupport */; };
		A80A06712B8E34E90041D48C /* FirebaseAppCheck in Frameworks */ = {isa = PBXBuildFile; productRef = A80A06702B8E34E90041D48C /* FirebaseAppCheck */; };
		A80A06742B8E35C10041D48C /* FirebaseFirestore in Frameworks */ = {isa = PBXBuildFile; productRef = A80A06732B8E35C10041D48C /* FirebaseFirestore */; };
		A80A06762B8E35CE0041D48C /* FirebaseFirestoreSwift in Frameworks */ = {isa = PBXBuildFile; productRef = A80A06752B8E35CE0041D48C /* FirebaseFirestoreSwift */; };
		A80A06782B8E35FB0041D48C /* FirebaseAuth in Frameworks */ = {isa = PBXBuildFile; productRef = A80A06772B8E35FB0041D48C /* FirebaseAuth */; };
/* End PBXBuildFile section */

/* Begin PBXFileReference section */
		7317CDA92B7304E200974859 /* WashU PeerLink.app */ = {isa = PBXFileReference; explicitFileType = wrapper.application; includeInIndex = 0; path = "WashU PeerLink.app"; sourceTree = BUILT_PRODUCTS_DIR; };
		7317CDAC2B7304E200974859 /* semester_project_group9App.swift */ = {isa = PBXFileReference; lastKnownFileType = sourcecode.swift; path = semester_project_group9App.swift; sourceTree = "<group>"; };
		7317CDAE2B7304E200974859 /* ContentView.swift */ = {isa = PBXFileReference; lastKnownFileType = sourcecode.swift; path = ContentView.swift; sourceTree = "<group>"; };
		7317CDB02B7304E500974859 /* Assets.xcassets */ = {isa = PBXFileReference; lastKnownFileType = folder.assetcatalog; path = Assets.xcassets; sourceTree = "<group>"; };
		7317CDB22B7304E500974859 /* semester_project_group9.entitlements */ = {isa = PBXFileReference; lastKnownFileType = text.plist.entitlements; path = semester_project_group9.entitlements; sourceTree = "<group>"; };
		7317CDB42B7304E500974859 /* Preview Assets.xcassets */ = {isa = PBXFileReference; lastKnownFileType = folder.assetcatalog; path = "Preview Assets.xcassets"; sourceTree = "<group>"; };
		7317CDBB2B7305BC00974859 /* GoogleService-Info.plist */ = {isa = PBXFileReference; fileEncoding = 4; lastKnownFileType = text.plist.xml; path = "GoogleService-Info.plist"; sourceTree = "<group>"; };
		7317CDD22B730C8100974859 /* Info.plist */ = {isa = PBXFileReference; lastKnownFileType = text.plist; path = Info.plist; sourceTree = "<group>"; };
		734AE7952BB29B5300DC9ADA /* Message.swift */ = {isa = PBXFileReference; lastKnownFileType = sourcecode.swift; path = Message.swift; sourceTree = "<group>"; };
		734AE7982BB29BB600DC9ADA /* MessageView.swift */ = {isa = PBXFileReference; lastKnownFileType = sourcecode.swift; path = MessageView.swift; sourceTree = "<group>"; };
		734AE79A2BB29C8E00DC9ADA /* ChatView.swift */ = {isa = PBXFileReference; lastKnownFileType = sourcecode.swift; path = ChatView.swift; sourceTree = "<group>"; };
		734AE79C2BB2A38B00DC9ADA /* ChatChannel.swift */ = {isa = PBXFileReference; lastKnownFileType = sourcecode.swift; path = ChatChannel.swift; sourceTree = "<group>"; };
		734AE79E2BB2A51500DC9ADA /* ChannelListView.swift */ = {isa = PBXFileReference; lastKnownFileType = sourcecode.swift; path = ChannelListView.swift; sourceTree = "<group>"; };
		734AE7A02BB2B36B00DC9ADA /* MainView.swift */ = {isa = PBXFileReference; lastKnownFileType = sourcecode.swift; path = MainView.swift; sourceTree = "<group>"; };
		734AE7A72BB3754700DC9ADA /* PageView.swift */ = {isa = PBXFileReference; lastKnownFileType = sourcecode.swift; path = PageView.swift; sourceTree = "<group>"; };
		734AE7AC2BB376B800DC9ADA /* WebView.swift */ = {isa = PBXFileReference; lastKnownFileType = sourcecode.swift; path = WebView.swift; sourceTree = "<group>"; };
		737507AF2B8BF20200E27BA2 /* TutorialView.swift */ = {isa = PBXFileReference; lastKnownFileType = sourcecode.swift; path = TutorialView.swift; sourceTree = "<group>"; };
		73772BE72BBCB85200762603 /* ConfirmClassesView.swift */ = {isa = PBXFileReference; lastKnownFileType = sourcecode.swift; path = ConfirmClassesView.swift; sourceTree = "<group>"; };
		7390CB1A2B8C344F008C969E /* RegistrationView.swift */ = {isa = PBXFileReference; lastKnownFileType = sourcecode.swift; path = RegistrationView.swift; sourceTree = "<group>"; };
		7390CB1C2B8C4973008C969E /* ImportClassesView.swift */ = {isa = PBXFileReference; lastKnownFileType = sourcecode.swift; path = ImportClassesView.swift; sourceTree = "<group>"; };
		7390CB202B8C55E3008C969E /* LoggedInView.swift */ = {isa = PBXFileReference; lastKnownFileType = sourcecode.swift; path = LoggedInView.swift; sourceTree = "<group>"; };
		7390CB222B8C57E2008C969E /* ImportViewModel.swift */ = {isa = PBXFileReference; lastKnownFileType = sourcecode.swift; path = ImportViewModel.swift; sourceTree = "<group>"; };
		7390CB272B8C6C5F008C969E /* LoggedInHomeViewModel.swift */ = {isa = PBXFileReference; lastKnownFileType = sourcecode.swift; path = LoggedInHomeViewModel.swift; sourceTree = "<group>"; };
		7390CB292B8C6C8F008C969E /* Class.swift */ = {isa = PBXFileReference; lastKnownFileType = sourcecode.swift; path = Class.swift; sourceTree = "<group>"; };
		7390CB2B2B8C6CC1008C969E /* User.swift */ = {isa = PBXFileReference; lastKnownFileType = sourcecode.swift; path = User.swift; sourceTree = "<group>"; };
		7390CB302B8C9373008C969E /* ClassView.swift */ = {isa = PBXFileReference; lastKnownFileType = sourcecode.swift; path = ClassView.swift; sourceTree = "<group>"; };
		7390CB322B8C938C008C969E /* ClassViewModel.swift */ = {isa = PBXFileReference; lastKnownFileType = sourcecode.swift; path = ClassViewModel.swift; sourceTree = "<group>"; };
		7390CB352B8CA0A0008C969E /* ProfileViewModel.swift */ = {isa = PBXFileReference; lastKnownFileType = sourcecode.swift; path = ProfileViewModel.swift; sourceTree = "<group>"; };
		7390CB392B8CA5C6008C969E /* ProfileView.swift */ = {isa = PBXFileReference; lastKnownFileType = sourcecode.swift; path = ProfileView.swift; sourceTree = "<group>"; };
		73BEF6FC2BD6DB6B0046711F /* ClassCard.swift */ = {isa = PBXFileReference; lastKnownFileType = sourcecode.swift; path = ClassCard.swift; sourceTree = "<group>"; };
		73BEF7012BD6F7890046711F /* ChannelCard.swift */ = {isa = PBXFileReference; lastKnownFileType = sourcecode.swift; path = ChannelCard.swift; sourceTree = "<group>"; };
		73BEF7032BD864CA0046711F /* StudentCard.swift */ = {isa = PBXFileReference; lastKnownFileType = sourcecode.swift; path = StudentCard.swift; sourceTree = "<group>"; };
/* End PBXFileReference section */

/* Begin PBXFrameworksBuildPhase section */
		7317CDA62B7304E200974859 /* Frameworks */ = {
			isa = PBXFrameworksBuildPhase;
			buildActionMask = 2147483647;
			files = (
				73BEF7002BD6E4470046711F /* ActivityIndicatorView in Frameworks */,
				A80A066D2B8E34E90041D48C /* FirebaseAnalyticsSwift in Frameworks */,
				A80A06692B8E34E90041D48C /* FirebaseAnalytics in Frameworks */,
				A80A066B2B8E34E90041D48C /* FirebaseAnalyticsOnDeviceConversion in Frameworks */,
				734AE7AB2BB375ED00DC9ADA /* ConcentricOnboarding in Frameworks */,
				A80A06762B8E35CE0041D48C /* FirebaseFirestoreSwift in Frameworks */,
				A80A06712B8E34E90041D48C /* FirebaseAppCheck in Frameworks */,
				A80A066F2B8E34E90041D48C /* FirebaseAnalyticsWithoutAdIdSupport in Frameworks */,
				A80A06742B8E35C10041D48C /* FirebaseFirestore in Frameworks */,
				A80A06782B8E35FB0041D48C /* FirebaseAuth in Frameworks */,
			);
			runOnlyForDeploymentPostprocessing = 0;
		};
/* End PBXFrameworksBuildPhase section */

/* Begin PBXGroup section */
		7317CDA02B7304E200974859 = {
			isa = PBXGroup;
			children = (
				7317CDAB2B7304E200974859 /* semester-project-group9 */,
				7317CDAA2B7304E200974859 /* Products */,
				A80A06722B8E35C10041D48C /* Frameworks */,
			);
			sourceTree = "<group>";
		};
		7317CDAA2B7304E200974859 /* Products */ = {
			isa = PBXGroup;
			children = (
				7317CDA92B7304E200974859 /* WashU PeerLink.app */,
			);
			name = Products;
			sourceTree = "<group>";
		};
		7317CDAB2B7304E200974859 /* semester-project-group9 */ = {
			isa = PBXGroup;
			children = (
				7317CDD22B730C8100974859 /* Info.plist */,
				7317CDAC2B7304E200974859 /* semester_project_group9App.swift */,
				7390CB242B8C695A008C969E /* Not Logged In */,
				7390CB262B8C6981008C969E /* Logged In */,
				7390CB2D2B8C6CEF008C969E /* Classes */,
				7317CDB02B7304E500974859 /* Assets.xcassets */,
				7317CDB22B7304E500974859 /* semester_project_group9.entitlements */,
				7317CDBB2B7305BC00974859 /* GoogleService-Info.plist */,
				7317CDB32B7304E500974859 /* Preview Content */,
			);
			path = "semester-project-group9";
			sourceTree = "<group>";
		};
		7317CDB32B7304E500974859 /* Preview Content */ = {
			isa = PBXGroup;
			children = (
				7317CDB42B7304E500974859 /* Preview Assets.xcassets */,
			);
			path = "Preview Content";
			sourceTree = "<group>";
		};
		734AE7972BB29BA900DC9ADA /* Messages View */ = {
			isa = PBXGroup;
			children = (
				734AE7982BB29BB600DC9ADA /* MessageView.swift */,
				734AE79E2BB2A51500DC9ADA /* ChannelListView.swift */,
				734AE79A2BB29C8E00DC9ADA /* ChatView.swift */,
				73BEF7012BD6F7890046711F /* ChannelCard.swift */,
			);
			path = "Messages View";
			sourceTree = "<group>";
		};
		7390CB242B8C695A008C969E /* Not Logged In */ = {
			isa = PBXGroup;
			children = (
				7317CDAE2B7304E200974859 /* ContentView.swift */,
				737507AF2B8BF20200E27BA2 /* TutorialView.swift */,
				734AE7AC2BB376B800DC9ADA /* WebView.swift */,
				734AE7A72BB3754700DC9ADA /* PageView.swift */,
				7390CB1A2B8C344F008C969E /* RegistrationView.swift */,
				7390CB252B8C696D008C969E /* Import Classes */,
			);
			path = "Not Logged In";
			sourceTree = "<group>";
		};
		7390CB252B8C696D008C969E /* Import Classes */ = {
			isa = PBXGroup;
			children = (
				7390CB1C2B8C4973008C969E /* ImportClassesView.swift */,
				73772BE72BBCB85200762603 /* ConfirmClassesView.swift */,
				7390CB222B8C57E2008C969E /* ImportViewModel.swift */,
			);
			path = "Import Classes";
			sourceTree = "<group>";
		};
		7390CB262B8C6981008C969E /* Logged In */ = {
			isa = PBXGroup;
			children = (
				734AE7972BB29BA900DC9ADA /* Messages View */,
				7390CB342B8CA090008C969E /* Profile View */,
				7390CB2F2B8C9355008C969E /* Class View */,
				7390CB2E2B8C9347008C969E /* Home View */,
			);
			path = "Logged In";
			sourceTree = "<group>";
		};
		7390CB2D2B8C6CEF008C969E /* Classes */ = {
			isa = PBXGroup;
			children = (
				7390CB292B8C6C8F008C969E /* Class.swift */,
				734AE79C2BB2A38B00DC9ADA /* ChatChannel.swift */,
				734AE7952BB29B5300DC9ADA /* Message.swift */,
				7390CB2B2B8C6CC1008C969E /* User.swift */,
			);
			path = Classes;
			sourceTree = "<group>";
		};
		7390CB2E2B8C9347008C969E /* Home View */ = {
			isa = PBXGroup;
			children = (
				7390CB202B8C55E3008C969E /* LoggedInView.swift */,
				734AE7A02BB2B36B00DC9ADA /* MainView.swift */,
				7390CB272B8C6C5F008C969E /* LoggedInHomeViewModel.swift */,
				73BEF6FC2BD6DB6B0046711F /* ClassCard.swift */,
				73BEF7032BD864CA0046711F /* StudentCard.swift */,
			);
			path = "Home View";
			sourceTree = "<group>";
		};
		7390CB2F2B8C9355008C969E /* Class View */ = {
			isa = PBXGroup;
			children = (
				7390CB302B8C9373008C969E /* ClassView.swift */,
				7390CB322B8C938C008C969E /* ClassViewModel.swift */,
			);
			path = "Class View";
			sourceTree = "<group>";
		};
		7390CB342B8CA090008C969E /* Profile View */ = {
			isa = PBXGroup;
			children = (
				7390CB352B8CA0A0008C969E /* ProfileViewModel.swift */,
				7390CB392B8CA5C6008C969E /* ProfileView.swift */,
			);
			path = "Profile View";
			sourceTree = "<group>";
		};
		A80A06722B8E35C10041D48C /* Frameworks */ = {
			isa = PBXGroup;
			children = (
			);
			name = Frameworks;
			sourceTree = "<group>";
		};
/* End PBXGroup section */

/* Begin PBXNativeTarget section */
		7317CDA82B7304E200974859 /* semester-project-group9 */ = {
			isa = PBXNativeTarget;
			buildConfigurationList = 7317CDB82B7304E500974859 /* Build configuration list for PBXNativeTarget "semester-project-group9" */;
			buildPhases = (
				7317CDA52B7304E200974859 /* Sources */,
				7317CDA62B7304E200974859 /* Frameworks */,
				7317CDA72B7304E200974859 /* Resources */,
			);
			buildRules = (
			);
			dependencies = (
			);
			name = "semester-project-group9";
			packageProductDependencies = (
				A80A06682B8E34E90041D48C /* FirebaseAnalytics */,
				A80A066A2B8E34E90041D48C /* FirebaseAnalyticsOnDeviceConversion */,
				A80A066C2B8E34E90041D48C /* FirebaseAnalyticsSwift */,
				A80A066E2B8E34E90041D48C /* FirebaseAnalyticsWithoutAdIdSupport */,
				A80A06702B8E34E90041D48C /* FirebaseAppCheck */,
				A80A06732B8E35C10041D48C /* FirebaseFirestore */,
				A80A06752B8E35CE0041D48C /* FirebaseFirestoreSwift */,
				A80A06772B8E35FB0041D48C /* FirebaseAuth */,
				734AE7AA2BB375ED00DC9ADA /* ConcentricOnboarding */,
				73BEF6FF2BD6E4470046711F /* ActivityIndicatorView */,
			);
			productName = "semester-project-group9";
			productReference = 7317CDA92B7304E200974859 /* WashU PeerLink.app */;
			productType = "com.apple.product-type.application";
		};
/* End PBXNativeTarget section */

/* Begin PBXProject section */
		7317CDA12B7304E200974859 /* Project object */ = {
			isa = PBXProject;
			attributes = {
				BuildIndependentTargetsInParallel = 1;
				LastSwiftUpdateCheck = 1420;
				LastUpgradeCheck = 1420;
				TargetAttributes = {
					7317CDA82B7304E200974859 = {
						CreatedOnToolsVersion = 14.2;
					};
				};
			};
			buildConfigurationList = 7317CDA42B7304E200974859 /* Build configuration list for PBXProject "semester-project-group9" */;
			compatibilityVersion = "Xcode 14.0";
			developmentRegion = en;
			hasScannedForEncodings = 0;
			knownRegions = (
				en,
				Base,
			);
			mainGroup = 7317CDA02B7304E200974859;
			packageReferences = (
				A80A06672B8E34E90041D48C /* XCRemoteSwiftPackageReference "firebase-ios-sdk" */,
				734AE7A92BB375ED00DC9ADA /* XCRemoteSwiftPackageReference "ConcentricOnboarding" */,
				73BEF6FE2BD6E4470046711F /* XCRemoteSwiftPackageReference "ActivityIndicatorView" */,
			);
			productRefGroup = 7317CDAA2B7304E200974859 /* Products */;
			projectDirPath = "";
			projectRoot = "";
			targets = (
				7317CDA82B7304E200974859 /* semester-project-group9 */,
			);
		};
/* End PBXProject section */

/* Begin PBXResourcesBuildPhase section */
		7317CDA72B7304E200974859 /* Resources */ = {
			isa = PBXResourcesBuildPhase;
			buildActionMask = 2147483647;
			files = (
				7317CDB52B7304E500974859 /* Preview Assets.xcassets in Resources */,
				7317CDBC2B7305BC00974859 /* GoogleService-Info.plist in Resources */,
				7317CDB12B7304E500974859 /* Assets.xcassets in Resources */,
			);
			runOnlyForDeploymentPostprocessing = 0;
		};
/* End PBXResourcesBuildPhase section */

/* Begin PBXSourcesBuildPhase section */
		7317CDA52B7304E200974859 /* Sources */ = {
			isa = PBXSourcesBuildPhase;
			buildActionMask = 2147483647;
			files = (
				7390CB332B8C938C008C969E /* ClassViewModel.swift in Sources */,
				734AE7AD2BB376B800DC9ADA /* WebView.swift in Sources */,
				73772BE82BBCB85200762603 /* ConfirmClassesView.swift in Sources */,
				734AE7A12BB2B36B00DC9ADA /* MainView.swift in Sources */,
				7317CDAF2B7304E200974859 /* ContentView.swift in Sources */,
				7390CB212B8C55E3008C969E /* LoggedInView.swift in Sources */,
				734AE79B2BB29C8E00DC9ADA /* ChatView.swift in Sources */,
				734AE79D2BB2A38B00DC9ADA /* ChatChannel.swift in Sources */,
				7317CDAD2B7304E200974859 /* semester_project_group9App.swift in Sources */,
				734AE7992BB29BB600DC9ADA /* MessageView.swift in Sources */,
				73BEF7022BD6F7890046711F /* ChannelCard.swift in Sources */,
				737507B02B8BF20200E27BA2 /* TutorialView.swift in Sources */,
				7390CB362B8CA0A0008C969E /* ProfileViewModel.swift in Sources */,
				7390CB3A2B8CA5C6008C969E /* ProfileView.swift in Sources */,
				7390CB282B8C6C5F008C969E /* LoggedInHomeViewModel.swift in Sources */,
				734AE79F2BB2A51500DC9ADA /* ChannelListView.swift in Sources */,
				7390CB1B2B8C344F008C969E /* RegistrationView.swift in Sources */,
				7390CB1D2B8C4973008C969E /* ImportClassesView.swift in Sources */,
				7390CB2A2B8C6C8F008C969E /* Class.swift in Sources */,
				73BEF7042BD864CA0046711F /* StudentCard.swift in Sources */,
				73BEF6FD2BD6DB6B0046711F /* ClassCard.swift in Sources */,
				7390CB232B8C57E2008C969E /* ImportViewModel.swift in Sources */,
				734AE7962BB29B5300DC9ADA /* Message.swift in Sources */,
				734AE7A82BB3754700DC9ADA /* PageView.swift in Sources */,
				7390CB2C2B8C6CC1008C969E /* User.swift in Sources */,
				7390CB312B8C9373008C969E /* ClassView.swift in Sources */,
			);
			runOnlyForDeploymentPostprocessing = 0;
		};
/* End PBXSourcesBuildPhase section */

/* Begin XCBuildConfiguration section */
		7317CDB62B7304E500974859 /* Debug */ = {
			isa = XCBuildConfiguration;
			buildSettings = {
				ALWAYS_SEARCH_USER_PATHS = NO;
				CLANG_ANALYZER_NONNULL = YES;
				CLANG_ANALYZER_NUMBER_OBJECT_CONVERSION = YES_AGGRESSIVE;
				CLANG_CXX_LANGUAGE_STANDARD = "gnu++20";
				CLANG_ENABLE_MODULES = YES;
				CLANG_ENABLE_OBJC_ARC = YES;
				CLANG_ENABLE_OBJC_WEAK = YES;
				CLANG_WARN_BLOCK_CAPTURE_AUTORELEASING = YES;
				CLANG_WARN_BOOL_CONVERSION = YES;
				CLANG_WARN_COMMA = YES;
				CLANG_WARN_CONSTANT_CONVERSION = YES;
				CLANG_WARN_DEPRECATED_OBJC_IMPLEMENTATIONS = YES;
				CLANG_WARN_DIRECT_OBJC_ISA_USAGE = YES_ERROR;
				CLANG_WARN_DOCUMENTATION_COMMENTS = YES;
				CLANG_WARN_EMPTY_BODY = YES;
				CLANG_WARN_ENUM_CONVERSION = YES;
				CLANG_WARN_INFINITE_RECURSION = YES;
				CLANG_WARN_INT_CONVERSION = YES;
				CLANG_WARN_NON_LITERAL_NULL_CONVERSION = YES;
				CLANG_WARN_OBJC_IMPLICIT_RETAIN_SELF = YES;
				CLANG_WARN_OBJC_LITERAL_CONVERSION = YES;
				CLANG_WARN_OBJC_ROOT_CLASS = YES_ERROR;
				CLANG_WARN_QUOTED_INCLUDE_IN_FRAMEWORK_HEADER = YES;
				CLANG_WARN_RANGE_LOOP_ANALYSIS = YES;
				CLANG_WARN_STRICT_PROTOTYPES = YES;
				CLANG_WARN_SUSPICIOUS_MOVE = YES;
				CLANG_WARN_UNGUARDED_AVAILABILITY = YES_AGGRESSIVE;
				CLANG_WARN_UNREACHABLE_CODE = YES;
				CLANG_WARN__DUPLICATE_METHOD_MATCH = YES;
				COPY_PHASE_STRIP = NO;
				DEBUG_INFORMATION_FORMAT = dwarf;
				ENABLE_STRICT_OBJC_MSGSEND = YES;
				ENABLE_TESTABILITY = YES;
				GCC_C_LANGUAGE_STANDARD = gnu11;
				GCC_DYNAMIC_NO_PIC = NO;
				GCC_NO_COMMON_BLOCKS = YES;
				GCC_OPTIMIZATION_LEVEL = 0;
				GCC_PREPROCESSOR_DEFINITIONS = (
					"DEBUG=1",
					"$(inherited)",
				);
				GCC_WARN_64_TO_32_BIT_CONVERSION = YES;
				GCC_WARN_ABOUT_RETURN_TYPE = YES_ERROR;
				GCC_WARN_UNDECLARED_SELECTOR = YES;
				GCC_WARN_UNINITIALIZED_AUTOS = YES_AGGRESSIVE;
				GCC_WARN_UNUSED_FUNCTION = YES;
				GCC_WARN_UNUSED_VARIABLE = YES;
				MTL_ENABLE_DEBUG_INFO = INCLUDE_SOURCE;
				MTL_FAST_MATH = YES;
				ONLY_ACTIVE_ARCH = YES;
				SWIFT_ACTIVE_COMPILATION_CONDITIONS = DEBUG;
				SWIFT_OPTIMIZATION_LEVEL = "-Onone";
			};
			name = Debug;
		};
		7317CDB72B7304E500974859 /* Release */ = {
			isa = XCBuildConfiguration;
			buildSettings = {
				ALWAYS_SEARCH_USER_PATHS = NO;
				CLANG_ANALYZER_NONNULL = YES;
				CLANG_ANALYZER_NUMBER_OBJECT_CONVERSION = YES_AGGRESSIVE;
				CLANG_CXX_LANGUAGE_STANDARD = "gnu++20";
				CLANG_ENABLE_MODULES = YES;
				CLANG_ENABLE_OBJC_ARC = YES;
				CLANG_ENABLE_OBJC_WEAK = YES;
				CLANG_WARN_BLOCK_CAPTURE_AUTORELEASING = YES;
				CLANG_WARN_BOOL_CONVERSION = YES;
				CLANG_WARN_COMMA = YES;
				CLANG_WARN_CONSTANT_CONVERSION = YES;
				CLANG_WARN_DEPRECATED_OBJC_IMPLEMENTATIONS = YES;
				CLANG_WARN_DIRECT_OBJC_ISA_USAGE = YES_ERROR;
				CLANG_WARN_DOCUMENTATION_COMMENTS = YES;
				CLANG_WARN_EMPTY_BODY = YES;
				CLANG_WARN_ENUM_CONVERSION = YES;
				CLANG_WARN_INFINITE_RECURSION = YES;
				CLANG_WARN_INT_CONVERSION = YES;
				CLANG_WARN_NON_LITERAL_NULL_CONVERSION = YES;
				CLANG_WARN_OBJC_IMPLICIT_RETAIN_SELF = YES;
				CLANG_WARN_OBJC_LITERAL_CONVERSION = YES;
				CLANG_WARN_OBJC_ROOT_CLASS = YES_ERROR;
				CLANG_WARN_QUOTED_INCLUDE_IN_FRAMEWORK_HEADER = YES;
				CLANG_WARN_RANGE_LOOP_ANALYSIS = YES;
				CLANG_WARN_STRICT_PROTOTYPES = YES;
				CLANG_WARN_SUSPICIOUS_MOVE = YES;
				CLANG_WARN_UNGUARDED_AVAILABILITY = YES_AGGRESSIVE;
				CLANG_WARN_UNREACHABLE_CODE = YES;
				CLANG_WARN__DUPLICATE_METHOD_MATCH = YES;
				COPY_PHASE_STRIP = NO;
				DEBUG_INFORMATION_FORMAT = "dwarf-with-dsym";
				ENABLE_NS_ASSERTIONS = NO;
				ENABLE_STRICT_OBJC_MSGSEND = YES;
				GCC_C_LANGUAGE_STANDARD = gnu11;
				GCC_NO_COMMON_BLOCKS = YES;
				GCC_WARN_64_TO_32_BIT_CONVERSION = YES;
				GCC_WARN_ABOUT_RETURN_TYPE = YES_ERROR;
				GCC_WARN_UNDECLARED_SELECTOR = YES;
				GCC_WARN_UNINITIALIZED_AUTOS = YES_AGGRESSIVE;
				GCC_WARN_UNUSED_FUNCTION = YES;
				GCC_WARN_UNUSED_VARIABLE = YES;
				MTL_ENABLE_DEBUG_INFO = NO;
				MTL_FAST_MATH = YES;
				SWIFT_COMPILATION_MODE = wholemodule;
				SWIFT_OPTIMIZATION_LEVEL = "-O";
			};
			name = Release;
		};
		7317CDB92B7304E500974859 /* Debug */ = {
			isa = XCBuildConfiguration;
			buildSettings = {
				ASSETCATALOG_COMPILER_APPICON_NAME = AppIcon;
				ASSETCATALOG_COMPILER_GLOBAL_ACCENT_COLOR_NAME = AccentColor;
				CODE_SIGN_ENTITLEMENTS = "semester-project-group9/semester_project_group9.entitlements";
				CODE_SIGN_IDENTITY = "Apple Development";
				CODE_SIGN_STYLE = Automatic;
				CURRENT_PROJECT_VERSION = 1;
				DEVELOPMENT_ASSET_PATHS = "\"semester-project-group9/Preview Content\"";
				DEVELOPMENT_TEAM = "";
				ENABLE_HARDENED_RUNTIME = YES;
				ENABLE_PREVIEWS = YES;
				GENERATE_INFOPLIST_FILE = YES;
				INFOPLIST_FILE = "semester-project-group9/Info.plist";
				"INFOPLIST_KEY_UIApplicationSceneManifest_Generation[sdk=iphoneos*]" = YES;
				"INFOPLIST_KEY_UIApplicationSceneManifest_Generation[sdk=iphonesimulator*]" = YES;
				"INFOPLIST_KEY_UIApplicationSupportsIndirectInputEvents[sdk=iphoneos*]" = YES;
				"INFOPLIST_KEY_UIApplicationSupportsIndirectInputEvents[sdk=iphonesimulator*]" = YES;
				"INFOPLIST_KEY_UILaunchScreen_Generation[sdk=iphoneos*]" = YES;
				"INFOPLIST_KEY_UILaunchScreen_Generation[sdk=iphonesimulator*]" = YES;
				"INFOPLIST_KEY_UIStatusBarStyle[sdk=iphoneos*]" = UIStatusBarStyleDefault;
				"INFOPLIST_KEY_UIStatusBarStyle[sdk=iphonesimulator*]" = UIStatusBarStyleDefault;
				INFOPLIST_KEY_UISupportedInterfaceOrientations_iPad = "UIInterfaceOrientationPortrait UIInterfaceOrientationPortraitUpsideDown UIInterfaceOrientationLandscapeLeft UIInterfaceOrientationLandscapeRight";
				INFOPLIST_KEY_UISupportedInterfaceOrientations_iPhone = "UIInterfaceOrientationPortrait UIInterfaceOrientationLandscapeLeft UIInterfaceOrientationLandscapeRight";
				IPHONEOS_DEPLOYMENT_TARGET = 16.2;
				LD_RUNPATH_SEARCH_PATHS = "@executable_path/Frameworks";
				"LD_RUNPATH_SEARCH_PATHS[sdk=macosx*]" = "@executable_path/../Frameworks";
				MACOSX_DEPLOYMENT_TARGET = 12.6;
				MARKETING_VERSION = 1.0;
				PRODUCT_BUNDLE_IDENTIFIER = "adamschwartz.semester-project-group9";
				PRODUCT_NAME = "WashU PeerLink";
				PROVISIONING_PROFILE_SPECIFIER = "";
				SDKROOT = auto;
				SUPPORTED_PLATFORMS = "iphoneos iphonesimulator macosx";
				SWIFT_EMIT_LOC_STRINGS = YES;
				SWIFT_VERSION = 5.0;
				TARGETED_DEVICE_FAMILY = "1,2";
			};
			name = Debug;
		};
		7317CDBA2B7304E500974859 /* Release */ = {
			isa = XCBuildConfiguration;
			buildSettings = {
				ASSETCATALOG_COMPILER_APPICON_NAME = AppIcon;
				ASSETCATALOG_COMPILER_GLOBAL_ACCENT_COLOR_NAME = AccentColor;
				CODE_SIGN_ENTITLEMENTS = "semester-project-group9/semester_project_group9.entitlements";
				CODE_SIGN_IDENTITY = "Apple Development";
				CODE_SIGN_STYLE = Automatic;
				CURRENT_PROJECT_VERSION = 1;
				DEVELOPMENT_ASSET_PATHS = "\"semester-project-group9/Preview Content\"";
				DEVELOPMENT_TEAM = "";
				ENABLE_HARDENED_RUNTIME = YES;
				ENABLE_PREVIEWS = YES;
				GENERATE_INFOPLIST_FILE = YES;
				INFOPLIST_FILE = "semester-project-group9/Info.plist";
				"INFOPLIST_KEY_UIApplicationSceneManifest_Generation[sdk=iphoneos*]" = YES;
				"INFOPLIST_KEY_UIApplicationSceneManifest_Generation[sdk=iphonesimulator*]" = YES;
				"INFOPLIST_KEY_UIApplicationSupportsIndirectInputEvents[sdk=iphoneos*]" = YES;
				"INFOPLIST_KEY_UIApplicationSupportsIndirectInputEvents[sdk=iphonesimulator*]" = YES;
				"INFOPLIST_KEY_UILaunchScreen_Generation[sdk=iphoneos*]" = YES;
				"INFOPLIST_KEY_UILaunchScreen_Generation[sdk=iphonesimulator*]" = YES;
				"INFOPLIST_KEY_UIStatusBarStyle[sdk=iphoneos*]" = UIStatusBarStyleDefault;
				"INFOPLIST_KEY_UIStatusBarStyle[sdk=iphonesimulator*]" = UIStatusBarStyleDefault;
				INFOPLIST_KEY_UISupportedInterfaceOrientations_iPad = "UIInterfaceOrientationPortrait UIInterfaceOrientationPortraitUpsideDown UIInterfaceOrientationLandscapeLeft UIInterfaceOrientationLandscapeRight";
				INFOPLIST_KEY_UISupportedInterfaceOrientations_iPhone = "UIInterfaceOrientationPortrait UIInterfaceOrientationLandscapeLeft UIInterfaceOrientationLandscapeRight";
				IPHONEOS_DEPLOYMENT_TARGET = 16.2;
				LD_RUNPATH_SEARCH_PATHS = "@executable_path/Frameworks";
				"LD_RUNPATH_SEARCH_PATHS[sdk=macosx*]" = "@executable_path/../Frameworks";
				MACOSX_DEPLOYMENT_TARGET = 12.6;
				MARKETING_VERSION = 1.0;
				PRODUCT_BUNDLE_IDENTIFIER = "adamschwartz.semester-project-group9";
				PRODUCT_NAME = "WashU PeerLink";
				PROVISIONING_PROFILE_SPECIFIER = "";
				SDKROOT = auto;
				SUPPORTED_PLATFORMS = "iphoneos iphonesimulator macosx";
				SWIFT_EMIT_LOC_STRINGS = YES;
				SWIFT_VERSION = 5.0;
				TARGETED_DEVICE_FAMILY = "1,2";
			};
			name = Release;
		};
/* End XCBuildConfiguration section */

/* Begin XCConfigurationList section */
		7317CDA42B7304E200974859 /* Build configuration list for PBXProject "semester-project-group9" */ = {
			isa = XCConfigurationList;
			buildConfigurations = (
				7317CDB62B7304E500974859 /* Debug */,
				7317CDB72B7304E500974859 /* Release */,
			);
			defaultConfigurationIsVisible = 0;
			defaultConfigurationName = Release;
		};
		7317CDB82B7304E500974859 /* Build configuration list for PBXNativeTarget "semester-project-group9" */ = {
			isa = XCConfigurationList;
			buildConfigurations = (
				7317CDB92B7304E500974859 /* Debug */,
				7317CDBA2B7304E500974859 /* Release */,
			);
			defaultConfigurationIsVisible = 0;
			defaultConfigurationName = Release;
		};
/* End XCConfigurationList section */

/* Begin XCRemoteSwiftPackageReference section */
		734AE7A92BB375ED00DC9ADA /* XCRemoteSwiftPackageReference "ConcentricOnboarding" */ = {
			isa = XCRemoteSwiftPackageReference;
			repositoryURL = "https://github.com/exyte/ConcentricOnboarding.git";
			requirement = {
				kind = upToNextMajorVersion;
				minimumVersion = 1.0.6;
			};
		};
		73BEF6FE2BD6E4470046711F /* XCRemoteSwiftPackageReference "ActivityIndicatorView" */ = {
			isa = XCRemoteSwiftPackageReference;
			repositoryURL = "https://github.com/exyte/ActivityIndicatorView.git";
			requirement = {
				kind = upToNextMajorVersion;
				minimumVersion = 1.1.1;
			};
		};
		A80A06672B8E34E90041D48C /* XCRemoteSwiftPackageReference "firebase-ios-sdk" */ = {
			isa = XCRemoteSwiftPackageReference;
			repositoryURL = "https://github.com/firebase/firebase-ios-sdk";
			requirement = {
				kind = upToNextMajorVersion;
				minimumVersion = 10.21.0;
			};
		};
/* End XCRemoteSwiftPackageReference section */

/* Begin XCSwiftPackageProductDependency section */
		734AE7AA2BB375ED00DC9ADA /* ConcentricOnboarding */ = {
			isa = XCSwiftPackageProductDependency;
			package = 734AE7A92BB375ED00DC9ADA /* XCRemoteSwiftPackageReference "ConcentricOnboarding" */;
			productName = ConcentricOnboarding;
		};
		73BEF6FF2BD6E4470046711F /* ActivityIndicatorView */ = {
			isa = XCSwiftPackageProductDependency;
			package = 73BEF6FE2BD6E4470046711F /* XCRemoteSwiftPackageReference "ActivityIndicatorView" */;
			productName = ActivityIndicatorView;
		};
		A80A06682B8E34E90041D48C /* FirebaseAnalytics */ = {
			isa = XCSwiftPackageProductDependency;
			package = A80A06672B8E34E90041D48C /* XCRemoteSwiftPackageReference "firebase-ios-sdk" */;
			productName = FirebaseAnalytics;
		};
		A80A066A2B8E34E90041D48C /* FirebaseAnalyticsOnDeviceConversion */ = {
			isa = XCSwiftPackageProductDependency;
			package = A80A06672B8E34E90041D48C /* XCRemoteSwiftPackageReference "firebase-ios-sdk" */;
			productName = FirebaseAnalyticsOnDeviceConversion;
		};
		A80A066C2B8E34E90041D48C /* FirebaseAnalyticsSwift */ = {
			isa = XCSwiftPackageProductDependency;
			package = A80A06672B8E34E90041D48C /* XCRemoteSwiftPackageReference "firebase-ios-sdk" */;
			productName = FirebaseAnalyticsSwift;
		};
		A80A066E2B8E34E90041D48C /* FirebaseAnalyticsWithoutAdIdSupport */ = {
			isa = XCSwiftPackageProductDependency;
			package = A80A06672B8E34E90041D48C /* XCRemoteSwiftPackageReference "firebase-ios-sdk" */;
			productName = FirebaseAnalyticsWithoutAdIdSupport;
		};
		A80A06702B8E34E90041D48C /* FirebaseAppCheck */ = {
			isa = XCSwiftPackageProductDependency;
			package = A80A06672B8E34E90041D48C /* XCRemoteSwiftPackageReference "firebase-ios-sdk" */;
			productName = FirebaseAppCheck;
		};
		A80A06732B8E35C10041D48C /* FirebaseFirestore */ = {
			isa = XCSwiftPackageProductDependency;
			package = A80A06672B8E34E90041D48C /* XCRemoteSwiftPackageReference "firebase-ios-sdk" */;
			productName = FirebaseFirestore;
		};
		A80A06752B8E35CE0041D48C /* FirebaseFirestoreSwift */ = {
			isa = XCSwiftPackageProductDependency;
			package = A80A06672B8E34E90041D48C /* XCRemoteSwiftPackageReference "firebase-ios-sdk" */;
			productName = FirebaseFirestoreSwift;
		};
		A80A06772B8E35FB0041D48C /* FirebaseAuth */ = {
			isa = XCSwiftPackageProductDependency;
			package = A80A06672B8E34E90041D48C /* XCRemoteSwiftPackageReference "firebase-ios-sdk" */;
			productName = FirebaseAuth;
		};
/* End XCSwiftPackageProductDependency section */
	};
	rootObject = 7317CDA12B7304E200974859 /* Project object */;
}
